
Microsoft Visual Studio Solution File, Format Version 12.00
# Visual Studio Version 17
VisualStudioVersion = 17.4.33213.308
MinimumVisualStudioVersion = 10.0.40219.1
Project("{FAE04EC0-301F-11D3-BF4B-00C04F79EFBC}") = "COMP003A.Assignment05", "COMP003A.Assignment05\COMP003A.Assignment05.csproj", "{992F6B7C-825D-4D53-B8E2-76EB731B3E10}"
EndProject
Global
	GlobalSection(SolutionConfigurationPlatforms) = preSolution
		Debug|Any CPU = Debug|Any CPU
		Release|Any CPU = Release|Any CPU
	EndGlobalSection
	GlobalSection(ProjectConfigurationPlatforms) = postSolution
		{992F6B7C-825D-4D53-B8E2-76EB731B3E10}.Debug|Any CPU.ActiveCfg = Debug|Any CPU
		{992F6B7C-825D-4D53-B8E2-76EB731B3E10}.Debug|Any CPU.Build.0 = Debug|Any CPU
		{992F6B7C-825D-4D53-B8E2-76EB731B3E10}.Release|Any CPU.ActiveCfg = Release|Any CPU
		{992F6B7C-825D-4D53-B8E2-76EB731B3E10}.Release|Any CPU.Build.0 = Release|Any CPU
	EndGlobalSection
	GlobalSection(SolutionProperties) = preSolution
		HideSolutionNode = FALSE
	EndGlobalSection
	GlobalSection(ExtensibilityGlobals) = postSolution
		SolutionGuid = {61149C58-E0E2-4DB8-8262-C920A92B8054}
	EndGlobalSection
EndGlobal
